
Microsoft Visual Studio Solution File, Format Version 12.00
# Visual Studio Version 17
VisualStudioVersion = 17.14.36310.24
MinimumVisualStudioVersion = 10.0.40219.1
Project("{FAE04EC0-301F-11D3-BF4B-00C04F79EFBC}") = "01.ExtractPersonInformation", "01.ExtractPersonInformation\01.ExtractPersonInformation.csproj", "{208C145C-0991-43A3-8B7D-59FF6ADF44EB}"
EndProject
Project("{FAE04EC0-301F-11D3-BF4B-00C04F79EFBC}") = "Draft", "Draft\Draft.csproj", "{C074DEE6-4CEB-4B84-A88F-B701FAEA659C}"
EndProject
Global
	GlobalSection(SolutionConfigurationPlatforms) = preSolution
		Debug|Any CPU = Debug|Any CPU
		Release|Any CPU = Release|Any CPU
	EndGlobalSection
	GlobalSection(ProjectConfigurationPlatforms) = postSolution
		{208C145C-0991-43A3-8B7D-59FF6ADF44EB}.Debug|Any CPU.ActiveCfg = Debug|Any CPU
		{208C145C-0991-43A3-8B7D-59FF6ADF44EB}.Debug|Any CPU.Build.0 = Debug|Any CPU
		{208C145C-0991-43A3-8B7D-59FF6ADF44EB}.Release|Any CPU.ActiveCfg = Release|Any CPU
		{208C145C-0991-43A3-8B7D-59FF6ADF44EB}.Release|Any CPU.Build.0 = Release|Any CPU
		{C074DEE6-4CEB-4B84-A88F-B701FAEA659C}.Debug|Any CPU.ActiveCfg = Debug|Any CPU
		{C074DEE6-4CEB-4B84-A88F-B701FAEA659C}.Debug|Any CPU.Build.0 = Debug|Any CPU
		{C074DEE6-4CEB-4B84-A88F-B701FAEA659C}.Release|Any CPU.ActiveCfg = Release|Any CPU
		{C074DEE6-4CEB-4B84-A88F-B701FAEA659C}.Release|Any CPU.Build.0 = Release|Any CPU
	EndGlobalSection
	GlobalSection(SolutionProperties) = preSolution
		HideSolutionNode = FALSE
	EndGlobalSection
	GlobalSection(ExtensibilityGlobals) = postSolution
		SolutionGuid = {1FB5EC51-1774-428A-9ECD-5687920BBB6F}
	EndGlobalSection
EndGlobal
